
Microsoft Visual Studio Solution File, Format Version 12.00
# Visual Studio 15
VisualStudioVersion = 15.0.28307.1082
MinimumVisualStudioVersion = 10.0.40219.1
Project("{FAE04EC0-301F-11D3-BF4B-00C04F79EFBC}") = "SampleMVCApp", "SampleMVCApp\SampleMVCApp.csproj", "{1630BD35-63F5-46A9-A0A2-214A7A4389D9}"
EndProject
Global
	GlobalSection(SolutionConfigurationPlatforms) = preSolution
		Debug|Any CPU = Debug|Any CPU
		Release|Any CPU = Release|Any CPU
	EndGlobalSection
	GlobalSection(ProjectConfigurationPlatforms) = postSolution
		{1630BD35-63F5-46A9-A0A2-214A7A4389D9}.Debug|Any CPU.ActiveCfg = Debug|Any CPU
		{1630BD35-63F5-46A9-A0A2-214A7A4389D9}.Debug|Any CPU.Build.0 = Debug|Any CPU
		{1630BD35-63F5-46A9-A0A2-214A7A4389D9}.Release|Any CPU.ActiveCfg = Release|Any CPU
		{1630BD35-63F5-46A9-A0A2-214A7A4389D9}.Release|Any CPU.Build.0 = Release|Any CPU
	EndGlobalSection
	GlobalSection(SolutionProperties) = preSolution
		HideSolutionNode = FALSE
	EndGlobalSection
	GlobalSection(ExtensibilityGlobals) = postSolution
		SolutionGuid = {31E58696-6EB6-4509-B3D3-190BA6F63748}
	EndGlobalSection
EndGlobal
